
Microsoft Visual Studio Solution File, Format Version 12.00
# Visual Studio Version 17
VisualStudioVersion = 17.5.002.0
MinimumVisualStudioVersion = 10.0.40219.1
Project("{9A19103F-16F7-4668-BE54-9A1E7A4F7556}") = "DesafioPOO", "DesafioPOO.csproj", "{23057597-1BA2-44AA-AD7B-9240522EF37A}"
EndProject
Global
	GlobalSection(SolutionConfigurationPlatforms) = preSolution
		Debug|Any CPU = Debug|Any CPU
		Release|Any CPU = Release|Any CPU
	EndGlobalSection
	GlobalSection(ProjectConfigurationPlatforms) = postSolution
		{23057597-1BA2-44AA-AD7B-9240522EF37A}.Debug|Any CPU.ActiveCfg = Debug|Any CPU
		{23057597-1BA2-44AA-AD7B-9240522EF37A}.Debug|Any CPU.Build.0 = Debug|Any CPU
		{23057597-1BA2-44AA-AD7B-9240522EF37A}.Release|Any CPU.ActiveCfg = Release|Any CPU
		{23057597-1BA2-44AA-AD7B-9240522EF37A}.Release|Any CPU.Build.0 = Release|Any CPU
	EndGlobalSection
	GlobalSection(SolutionProperties) = preSolution
		HideSolutionNode = FALSE
	EndGlobalSection
	GlobalSection(ExtensibilityGlobals) = postSolution
		SolutionGuid = {5F54428A-9119-4AA0-8D43-EE34C1AE8285}
	EndGlobalSection
EndGlobal
